
Microsoft Visual Studio Solution File, Format Version 12.00
# Visual Studio 2013
VisualStudioVersion = 12.0.21005.1
MinimumVisualStudioVersion = 10.0.40219.1
Project("{FAE04EC0-301F-11D3-BF4B-00C04F79EFBC}") = "01CountRealNumbers", "01CountRealNumbers\01CountRealNumbers.csproj", "{6EE1773F-7CC5-43A7-B603-2B40C41BB4FB}"
EndProject
Project("{FAE04EC0-301F-11D3-BF4B-00C04F79EFBC}") = "02OddOccurrences", "02OddOccurrences\02OddOccurrences.csproj", "{90D9A13D-3CE8-44C8-ADD1-AC827ED8A4BC}"
EndProject
Project("{FAE04EC0-301F-11D3-BF4B-00C04F79EFBC}") = "03MinMaxSumAverage", "03MinMaxSumAverage\03MinMaxSumAverage.csproj", "{D4FDE476-E6DF-4BA8-8F38-011F0A63F473}"
EndProject
Project("{FAE04EC0-301F-11D3-BF4B-00C04F79EFBC}") = "04Largest3Numbers", "04Largest3Numbers\04Largest3Numbers.csproj", "{4B308256-4B7E-4426-AE6A-74241E180426}"
EndProject
Project("{FAE04EC0-301F-11D3-BF4B-00C04F79EFBC}") = "05ShortWordsSorted", "05ShortWordsSorted\05ShortWordsSorted.csproj", "{D8001318-A9FC-429C-8F7F-9E54103ADB03}"
EndProject
Project("{FAE04EC0-301F-11D3-BF4B-00C04F79EFBC}") = "06FoldAndSum", "06FoldAndSum\06FoldAndSum.csproj", "{19C5B4DC-F34B-4B6D-9637-FEEED97CF728}"
EndProject
Global
	GlobalSection(SolutionConfigurationPlatforms) = preSolution
		Debug|Any CPU = Debug|Any CPU
		Release|Any CPU = Release|Any CPU
	EndGlobalSection
	GlobalSection(ProjectConfigurationPlatforms) = postSolution
		{6EE1773F-7CC5-43A7-B603-2B40C41BB4FB}.Debug|Any CPU.ActiveCfg = Debug|Any CPU
		{6EE1773F-7CC5-43A7-B603-2B40C41BB4FB}.Debug|Any CPU.Build.0 = Debug|Any CPU
		{6EE1773F-7CC5-43A7-B603-2B40C41BB4FB}.Release|Any CPU.ActiveCfg = Release|Any CPU
		{6EE1773F-7CC5-43A7-B603-2B40C41BB4FB}.Release|Any CPU.Build.0 = Release|Any CPU
		{90D9A13D-3CE8-44C8-ADD1-AC827ED8A4BC}.Debug|Any CPU.ActiveCfg = Debug|Any CPU
		{90D9A13D-3CE8-44C8-ADD1-AC827ED8A4BC}.Debug|Any CPU.Build.0 = Debug|Any CPU
		{90D9A13D-3CE8-44C8-ADD1-AC827ED8A4BC}.Release|Any CPU.ActiveCfg = Release|Any CPU
		{90D9A13D-3CE8-44C8-ADD1-AC827ED8A4BC}.Release|Any CPU.Build.0 = Release|Any CPU
		{D4FDE476-E6DF-4BA8-8F38-011F0A63F473}.Debug|Any CPU.ActiveCfg = Debug|Any CPU
		{D4FDE476-E6DF-4BA8-8F38-011F0A63F473}.Debug|Any CPU.Build.0 = Debug|Any CPU
		{D4FDE476-E6DF-4BA8-8F38-011F0A63F473}.Release|Any CPU.ActiveCfg = Release|Any CPU
		{D4FDE476-E6DF-4BA8-8F38-011F0A63F473}.Release|Any CPU.Build.0 = Release|Any CPU
		{4B308256-4B7E-4426-AE6A-74241E180426}.Debug|Any CPU.ActiveCfg = Debug|Any CPU
		{4B308256-4B7E-4426-AE6A-74241E180426}.Debug|Any CPU.Build.0 = Debug|Any CPU
		{4B308256-4B7E-4426-AE6A-74241E180426}.Release|Any CPU.ActiveCfg = Release|Any CPU
		{4B308256-4B7E-4426-AE6A-74241E180426}.Release|Any CPU.Build.0 = Release|Any CPU
		{D8001318-A9FC-429C-8F7F-9E54103ADB03}.Debug|Any CPU.ActiveCfg = Debug|Any CPU
		{D8001318-A9FC-429C-8F7F-9E54103ADB03}.Debug|Any CPU.Build.0 = Debug|Any CPU
		{D8001318-A9FC-429C-8F7F-9E54103ADB03}.Release|Any CPU.ActiveCfg = Release|Any CPU
		{D8001318-A9FC-429C-8F7F-9E54103ADB03}.Release|Any CPU.Build.0 = Release|Any CPU
		{19C5B4DC-F34B-4B6D-9637-FEEED97CF728}.Debug|Any CPU.ActiveCfg = Debug|Any CPU
		{19C5B4DC-F34B-4B6D-9637-FEEED97CF728}.Debug|Any CPU.Build.0 = Debug|Any CPU
		{19C5B4DC-F34B-4B6D-9637-FEEED97CF728}.Release|Any CPU.ActiveCfg = Release|Any CPU
		{19C5B4DC-F34B-4B6D-9637-FEEED97CF728}.Release|Any CPU.Build.0 = Release|Any CPU
	EndGlobalSection
	GlobalSection(SolutionProperties) = preSolution
		HideSolutionNode = FALSE
	EndGlobalSection
EndGlobal
